{
  "name": "@cheesestore/docs",
  "lockfileVersion": 3,
  "requires": true,
  "packages": {
    "": {
      "name": "@cheesestore/docs",
      "dependencies": {
        "sourcey": "file:../sourcey"
      }
    },
    "../sourcey": {
      "version": "3.3.3",
      "license": "AGPL-3.0-only",
      "dependencies": {
        "@preact/preset-vite": "^2.10.4",
        "@readme/openapi-parser": "^4.0.0",
        "@tailwindcss/typography": "^0.5.19",
        "@tailwindcss/vite": "^4.2.2",
        "citty": "^0.1.6",
        "jiti": "^2.6.1",
        "js-yaml": "^4.1.0",
        "marked": "^15.0.0",
        "moxygen": "^2.1.0",
        "preact": "^10.28.4",
        "preact-render-to-string": "^6.6.6",
        "shiki": "^4.0.2",
        "swagger2openapi": "^7.0.8",
        "tailwindcss": "^4.2.2",
        "vite": "^8.0.1"
      },
      "bin": {
        "sourcey": "dist/cli.js"
      },
      "devDependencies": {
        "@types/js-yaml": "^4.0.9",
        "@types/node": "^22.19.15",
        "eslint": "^9.0.0",
        "eslint-config-prettier": "^10.0.0",
        "prettier": "^3.4.0",
        "typescript": "^5.7.0",
        "typescript-eslint": "^8.0.0",
        "vitest": "^3.0.0"
      },
      "engines": {
        "node": ">=20"
      }
    },
    "node_modules/sourcey": {
      "resolved": "../sourcey",
      "link": true
    }
  }
}
